%{"floki": {:hex, :floki, "0.3.0"},
  "hackney": {:hex, :hackney, "1.1.0"},
  "httpoison": {:hex, :httpoison, "0.7.0"},
  "idna": {:hex, :idna, "1.0.2"},
  "mochiweb": {:hex, :mochiweb, "2.12.2"},
  "poison": {:hex, :poison, "1.4.0"},
  "quinn": {:hex, :quinn, "0.0.3"},
  "ssl_verify_hostname": {:hex, :ssl_verify_hostname, "1.0.5"},
  "xml_builder": {:hex, :xml_builder, "0.0.6"}}
